
Microsoft Visual Studio Solution File, Format Version 12.00
# Visual Studio 15
VisualStudioVersion = 15.0.27428.2037
MinimumVisualStudioVersion = 10.0.40219.1
Project("{FAE04EC0-301F-11D3-BF4B-00C04F79EFBC}") = "Identity", "Identity\Identity.csproj", "{D233E2A3-AECB-4A47-82CB-A8446ECE50C6}"
EndProject
Global
	GlobalSection(SolutionConfigurationPlatforms) = preSolution
		Debug|Any CPU = Debug|Any CPU
		Release|Any CPU = Release|Any CPU
	EndGlobalSection
	GlobalSection(ProjectConfigurationPlatforms) = postSolution
		{D233E2A3-AECB-4A47-82CB-A8446ECE50C6}.Debug|Any CPU.ActiveCfg = Debug|Any CPU
		{D233E2A3-AECB-4A47-82CB-A8446ECE50C6}.Debug|Any CPU.Build.0 = Debug|Any CPU
		{D233E2A3-AECB-4A47-82CB-A8446ECE50C6}.Release|Any CPU.ActiveCfg = Release|Any CPU
		{D233E2A3-AECB-4A47-82CB-A8446ECE50C6}.Release|Any CPU.Build.0 = Release|Any CPU
	EndGlobalSection
	GlobalSection(SolutionProperties) = preSolution
		HideSolutionNode = FALSE
	EndGlobalSection
	GlobalSection(ExtensibilityGlobals) = postSolution
		SolutionGuid = {B1ABF969-2D7B-4F7C-803C-E7AA9CC9552D}
	EndGlobalSection
EndGlobal
